
Microsoft Visual Studio Solution File, Format Version 12.00
# Visual Studio Version 17
VisualStudioVersion = 17.11.35312.102
MinimumVisualStudioVersion = 10.0.40219.1
Project("{FAE04EC0-301F-11D3-BF4B-00C04F79EFBC}") = "FormatException", "FormatException\FormatException.csproj", "{6E89C8AF-BCEB-41AA-8F36-C3025A93515B}"
EndProject
Global
	GlobalSection(SolutionConfigurationPlatforms) = preSolution
		Debug|Any CPU = Debug|Any CPU
		Release|Any CPU = Release|Any CPU
	EndGlobalSection
	GlobalSection(ProjectConfigurationPlatforms) = postSolution
		{6E89C8AF-BCEB-41AA-8F36-C3025A93515B}.Debug|Any CPU.ActiveCfg = Debug|Any CPU
		{6E89C8AF-BCEB-41AA-8F36-C3025A93515B}.Debug|Any CPU.Build.0 = Debug|Any CPU
		{6E89C8AF-BCEB-41AA-8F36-C3025A93515B}.Release|Any CPU.ActiveCfg = Release|Any CPU
		{6E89C8AF-BCEB-41AA-8F36-C3025A93515B}.Release|Any CPU.Build.0 = Release|Any CPU
	EndGlobalSection
	GlobalSection(SolutionProperties) = preSolution
		HideSolutionNode = FALSE
	EndGlobalSection
	GlobalSection(ExtensibilityGlobals) = postSolution
		SolutionGuid = {E48C7B31-3791-4060-ACF4-65BB2C453995}
	EndGlobalSection
EndGlobal
